
Microsoft Visual Studio Solution File, Format Version 12.00
# Visual Studio Version 17
VisualStudioVersion = 17.4.33103.184
MinimumVisualStudioVersion = 10.0.40219.1
Project("{FAE04EC0-301F-11D3-BF4B-00C04F79EFBC}") = "Server", "Server\Server.csproj", "{D46B578A-6836-481C-B020-746176B6875B}"
EndProject
Project("{FAE04EC0-301F-11D3-BF4B-00C04F79EFBC}") = "Client", "Client\Client.csproj", "{B6442CAD-062D-48F9-A137-0FB521964480}"
EndProject
Global
	GlobalSection(SolutionConfigurationPlatforms) = preSolution
		Debug|Any CPU = Debug|Any CPU
		Release|Any CPU = Release|Any CPU
	EndGlobalSection
	GlobalSection(ProjectConfigurationPlatforms) = postSolution
		{D46B578A-6836-481C-B020-746176B6875B}.Debug|Any CPU.ActiveCfg = Debug|Any CPU
		{D46B578A-6836-481C-B020-746176B6875B}.Debug|Any CPU.Build.0 = Debug|Any CPU
		{D46B578A-6836-481C-B020-746176B6875B}.Release|Any CPU.ActiveCfg = Release|Any CPU
		{D46B578A-6836-481C-B020-746176B6875B}.Release|Any CPU.Build.0 = Release|Any CPU
		{B6442CAD-062D-48F9-A137-0FB521964480}.Debug|Any CPU.ActiveCfg = Debug|Any CPU
		{B6442CAD-062D-48F9-A137-0FB521964480}.Debug|Any CPU.Build.0 = Debug|Any CPU
		{B6442CAD-062D-48F9-A137-0FB521964480}.Release|Any CPU.ActiveCfg = Release|Any CPU
		{B6442CAD-062D-48F9-A137-0FB521964480}.Release|Any CPU.Build.0 = Release|Any CPU
	EndGlobalSection
	GlobalSection(SolutionProperties) = preSolution
		HideSolutionNode = FALSE
	EndGlobalSection
	GlobalSection(ExtensibilityGlobals) = postSolution
		SolutionGuid = {04DE8EBD-1DDC-43D3-89BD-79810D4F3886}
	EndGlobalSection
EndGlobal
